{
  "name": "PruebasL2P",
  "version": "1.0.0",
  "lockfileVersion": 3,
  "requires": true,
  "packages": {
    "": {
      "version": "1.0.0",
      "license": "AGPL-version-3.0",
      "dependencies": {
        "@libp2p/tcp": "^8.0.13",
        "@multiformats/multiaddr": "^12.1.10",
        "it-all": "^3.0.4",
        "it-pipe": "^3.0.1",
        "readline-sync": "^1.4.10"
      },
      "engines": {
        "node": ">= 14.0.0",
        "npm": ">= 6.0.0"
      }
    },
    "node_modules/@chainsafe/is-ip": {
      "version": "2.0.2",
      "resolved": "https://registry.npmjs.org/@chainsafe/is-ip/-/is-ip-2.0.2.tgz",
      "integrity": "sha512-ndGqEMG1W5WkGagaqOZHpPU172AGdxr+LD15sv3WIUvT5oCFUrG1Y0CW/v2Egwj4JXEvSibaIIIqImsm98y1nA=="
    },
    "node_modules/@chainsafe/netmask": {
      "version": "2.0.0",
      "resolved": "https://registry.npmjs.org/@chainsafe/netmask/-/netmask-2.0.0.tgz",
      "integrity": "sha512-I3Z+6SWUoaljh3TBzCnCxjlUyN8tA+NAk5L6m9IxvCf1BENQTePzPMis97CoN/iMW1St3WN+AWCCRp+TTBRiDg==",
      "dependencies": {
        "@chainsafe/is-ip": "^2.0.1"
      }
    },
    "node_modules/@libp2p/interface": {
      "version": "0.1.6",
      "resolved": "https://registry.npmjs.org/@libp2p/interface/-/interface-0.1.6.tgz",
      "integrity": "sha512-Lzc5cS/hXuoXhuAbVIxJIHLCYmfPcbU0vVgrpMoiP1Qb2Q3ETU4A46GB8s8mWXgSU6tr9RcqerUqzFYD6+OAag==",
      "dependencies": {
        "@multiformats/multiaddr": "^12.1.5",
        "abortable-iterator": "^5.0.1",
        "it-pushable": "^3.2.0",
        "it-stream-types": "^2.0.1",
        "multiformats": "^12.0.1",
        "p-defer": "^4.0.0",
        "race-signal": "^1.0.0",
        "uint8arraylist": "^2.4.3"
      }
    },
    "node_modules/@libp2p/logger": {
      "version": "3.1.0",
      "resolved": "https://registry.npmjs.org/@libp2p/logger/-/logger-3.1.0.tgz",
      "integrity": "sha512-qJbJBAhxHVsRBtQSOIkSLi0lskUSFjzE+zm0QvoyxzZKSz+mX41mZLbnofPIVOVauoDQ40dXpe7WDUOq8AbiQQ==",
      "dependencies": {
        "@libp2p/interface": "^0.1.6",
        "@multiformats/multiaddr": "^12.1.5",
        "debug": "^4.3.4",
        "interface-datastore": "^8.2.0",
        "multiformats": "^12.0.1"
      }
    },
    "node_modules/@libp2p/tcp": {
      "version": "8.0.13",
      "resolved": "https://registry.npmjs.org/@libp2p/tcp/-/tcp-8.0.13.tgz",
      "integrity": "sha512-uN8p1gONoD7z8NteDE3a7F8yy9HblC3b9zX39L2/ztrqeAPiqRfGpBhXK+osXXj07jjnjhSNLBSVNHJNSmADRg==",
      "dependencies": {
        "@libp2p/interface": "^0.1.6",
        "@libp2p/logger": "^3.1.0",
        "@libp2p/utils": "^4.0.7",
        "@multiformats/mafmt": "^12.1.2",
        "@multiformats/multiaddr": "^12.1.5",
        "@types/sinon": "^17.0.0",
        "stream-to-it": "^0.2.2"
      }
    },
    "node_modules/@libp2p/utils": {
      "version": "4.0.7",
      "resolved": "https://registry.npmjs.org/@libp2p/utils/-/utils-4.0.7.tgz",
      "integrity": "sha512-xA6mS4II14870/DmmI3GFRWdNwHeOd2QV3ltatpdVmeEQpdn82jjtCzqn45AChjCugFOskOthXnQiWp+FvdKZg==",
      "dependencies": {
        "@chainsafe/is-ip": "^2.0.2",
        "@libp2p/interface": "^0.1.6",
        "@libp2p/logger": "^3.1.0",
        "@multiformats/multiaddr": "^12.1.5",
        "@multiformats/multiaddr-matcher": "^1.0.1",
        "is-loopback-addr": "^2.0.1",
        "it-stream-types": "^2.0.1",
        "private-ip": "^3.0.0",
        "uint8arraylist": "^2.4.3"
      }
    },
    "node_modules/@multiformats/mafmt": {
      "version": "12.1.6",
      "resolved": "https://registry.npmjs.org/@multiformats/mafmt/-/mafmt-12.1.6.tgz",
      "integrity": "sha512-tlJRfL21X+AKn9b5i5VnaTD6bNttpSpcqwKVmDmSHLwxoz97fAHaepqFOk/l1fIu94nImIXneNbhsJx/RQNIww==",
      "dependencies": {
        "@multiformats/multiaddr": "^12.0.0"
      }
    },
    "node_modules/@multiformats/multiaddr": {
      "version": "12.1.10",
      "resolved": "https://registry.npmjs.org/@multiformats/multiaddr/-/multiaddr-12.1.10.tgz",
      "integrity": "sha512-Bi3nJ/SE17+te40OLxFOpr9CvRodusZZLYZb3e5a0w9RzQcHzfKnnlfqdysLXZ2W5vXgxCUL/Uhndl51Ff2S+Q==",
      "dependencies": {
        "@chainsafe/is-ip": "^2.0.1",
        "@chainsafe/netmask": "^2.0.0",
        "@libp2p/interface": "^0.1.1",
        "dns-over-http-resolver": "3.0.0",
        "multiformats": "^12.0.1",
        "uint8-varint": "^2.0.1",
        "uint8arrays": "^4.0.2"
      }
    },
    "node_modules/@multiformats/multiaddr-matcher": {
      "version": "1.1.0",
      "resolved": "https://registry.npmjs.org/@multiformats/multiaddr-matcher/-/multiaddr-matcher-1.1.0.tgz",
      "integrity": "sha512-B/QbKpAxaHYVXFnbTdTgYqPDxmqoF2RYffwYoOv1MWfi2vBCZLdzmEKUBKv6fQr6s+LJFSHn2j2vczmwMFCQIA==",
      "dependencies": {
        "@chainsafe/is-ip": "^2.0.1",
        "@multiformats/multiaddr": "^12.0.0",
        "multiformats": "^12.0.1"
      }
    },
    "node_modules/@types/sinon": {
      "version": "17.0.2",
      "resolved": "https://registry.npmjs.org/@types/sinon/-/sinon-17.0.2.tgz",
      "integrity": "sha512-Zt6heIGsdqERkxctIpvN5Pv3edgBrhoeb3yHyxffd4InN0AX2SVNKSrhdDZKGQICVOxWP/q4DyhpfPNMSrpIiA==",
      "dependencies": {
        "@types/sinonjs__fake-timers": "*"
      }
    },
    "node_modules/@types/sinonjs__fake-timers": {
      "version": "8.1.5",
      "resolved": "https://registry.npmjs.org/@types/sinonjs__fake-timers/-/sinonjs__fake-timers-8.1.5.tgz",
      "integrity": "sha512-mQkU2jY8jJEF7YHjHvsQO8+3ughTL1mcnn96igfhONmR+fUPSKIkefQYpSe8bsly2Ep7oQbn/6VG5/9/0qcArQ=="
    },
    "node_modules/abortable-iterator": {
      "version": "5.0.1",
      "resolved": "https://registry.npmjs.org/abortable-iterator/-/abortable-iterator-5.0.1.tgz",
      "integrity": "sha512-hlZ5Z8UwqrKsJcelVPEqDduZowJPBQJ9ZhBC2FXpja3lXy8X6MoI5uMzIgmrA8+3jcVnp8TF/tx+IBBqYJNUrg==",
      "dependencies": {
        "get-iterator": "^2.0.0",
        "it-stream-types": "^2.0.1"
      },
      "engines": {
        "node": ">=16.0.0",
        "npm": ">=7.0.0"
      }
    },
    "node_modules/debug": {
      "version": "4.3.4",
      "resolved": "https://registry.npmjs.org/debug/-/debug-4.3.4.tgz",
      "integrity": "sha512-PRWFHuSU3eDtQJPvnNY7Jcket1j0t5OuOsFzPPzsekD52Zl8qUfFIPEiswXqIvHWGVHOgX+7G/vCNNhehwxfkQ==",
      "dependencies": {
        "ms": "2.1.2"
      },
      "engines": {
        "node": ">=6.0"
      },
      "peerDependenciesMeta": {
        "supports-color": {
          "optional": true
        }
      }
    },
    "node_modules/dns-over-http-resolver": {
      "version": "3.0.0",
      "resolved": "https://registry.npmjs.org/dns-over-http-resolver/-/dns-over-http-resolver-3.0.0.tgz",
      "integrity": "sha512-5+BI+B7n8LKhNaEZBYErr+CBd9t5nYtjunByLhrLGtZ+i3TRgiU8yE87pCjEBu2KOwNsD9ljpSXEbZ4S8xih5g==",
      "dependencies": {
        "debug": "^4.3.4",
        "receptacle": "^1.3.2"
      }
    },
    "node_modules/get-iterator": {
      "version": "2.0.1",
      "resolved": "https://registry.npmjs.org/get-iterator/-/get-iterator-2.0.1.tgz",
      "integrity": "sha512-7HuY/hebu4gryTDT7O/XY/fvY9wRByEGdK6QOa4of8npTcv0+NS6frFKABcf6S9EBAsveTuKTsZQQBFMMNILIg=="
    },
    "node_modules/interface-datastore": {
      "version": "8.2.5",
      "resolved": "https://registry.npmjs.org/interface-datastore/-/interface-datastore-8.2.5.tgz",
      "integrity": "sha512-kvLGJMz3RPoJF/g5DbEvfWWempIiSBLVMf63b0PBsziVcSkj0ofzHYI86v8vqpGedkQ81DtPCUKyvX9W7zWvrQ==",
      "dependencies": {
        "interface-store": "^5.0.0",
        "nanoid": "^4.0.0",
        "uint8arrays": "^4.0.2"
      }
    },
    "node_modules/interface-store": {
      "version": "5.1.4",
      "resolved": "https://registry.npmjs.org/interface-store/-/interface-store-5.1.4.tgz",
      "integrity": "sha512-SI2co5IAxAybBc9egRM2bXvHOa1RPh5SQQkO6di6t/aX92RbtzP4t8raB0l3GTzQmJADaBbzz8Tfa1QLgfMdGQ=="
    },
    "node_modules/ip-regex": {
      "version": "5.0.0",
      "resolved": "https://registry.npmjs.org/ip-regex/-/ip-regex-5.0.0.tgz",
      "integrity": "sha512-fOCG6lhoKKakwv+C6KdsOnGvgXnmgfmp0myi3bcNwj3qfwPAxRKWEuFhvEFF7ceYIz6+1jRZ+yguLFAmUNPEfw==",
      "engines": {
        "node": "^12.20.0 || ^14.13.1 || >=16.0.0"
      },
      "funding": {
        "url": "https://github.com/sponsors/sindresorhus"
      }
    },
    "node_modules/ipaddr.js": {
      "version": "2.1.0",
      "resolved": "https://registry.npmjs.org/ipaddr.js/-/ipaddr.js-2.1.0.tgz",
      "integrity": "sha512-LlbxQ7xKzfBusov6UMi4MFpEg0m+mAm9xyNGEduwXMEDuf4WfzB/RZwMVYEd7IKGvh4IUkEXYxtAVu9T3OelJQ==",
      "engines": {
        "node": ">= 10"
      }
    },
    "node_modules/is-loopback-addr": {
      "version": "2.0.2",
      "resolved": "https://registry.npmjs.org/is-loopback-addr/-/is-loopback-addr-2.0.2.tgz",
      "integrity": "sha512-26POf2KRCno/KTNL5Q0b/9TYnL00xEsSaLfiFRmjM7m7Lw7ZMmFybzzuX4CcsLAluZGd+niLUiMRxEooVE3aqg=="
    },
    "node_modules/it-all": {
      "version": "3.0.4",
      "resolved": "https://registry.npmjs.org/it-all/-/it-all-3.0.4.tgz",
      "integrity": "sha512-UMiy0i9DqCHBdWvMbzdYvVGa5/w4t1cc4nchpbnjdLhklglv8mQeEYnii0gvKESJuL1zV32Cqdb33R6/GPfxpQ=="
    },
    "node_modules/it-merge": {
      "version": "3.0.3",
      "resolved": "https://registry.npmjs.org/it-merge/-/it-merge-3.0.3.tgz",
      "integrity": "sha512-FYVU15KC5pb/GQX1Ims+lee8d4pdqGVCpWr0lkNj8o4xuNo7jY71k6GuEiWdP+T7W1bJqewSxX5yoTy5yZpRVA==",
      "dependencies": {
        "it-pushable": "^3.2.0"
      }
    },
    "node_modules/it-pipe": {
      "version": "3.0.1",
      "resolved": "https://registry.npmjs.org/it-pipe/-/it-pipe-3.0.1.tgz",
      "integrity": "sha512-sIoNrQl1qSRg2seYSBH/3QxWhJFn9PKYvOf/bHdtCBF0bnghey44VyASsWzn5dAx0DCDDABq1hZIuzKmtBZmKA==",
      "dependencies": {
        "it-merge": "^3.0.0",
        "it-pushable": "^3.1.2",
        "it-stream-types": "^2.0.1"
      },
      "engines": {
        "node": ">=16.0.0",
        "npm": ">=7.0.0"
      }
    },
    "node_modules/it-pushable": {
      "version": "3.2.3",
      "resolved": "https://registry.npmjs.org/it-pushable/-/it-pushable-3.2.3.tgz",
      "integrity": "sha512-gzYnXYK8Y5t5b/BnJUr7glfQLO4U5vyb05gPx/TyTw+4Bv1zM9gFk4YsOrnulWefMewlphCjKkakFvj1y99Tcg==",
      "dependencies": {
        "p-defer": "^4.0.0"
      }
    },
    "node_modules/it-stream-types": {
      "version": "2.0.1",
      "resolved": "https://registry.npmjs.org/it-stream-types/-/it-stream-types-2.0.1.tgz",
      "integrity": "sha512-6DmOs5r7ERDbvS4q8yLKENcj6Yecr7QQTqWApbZdfAUTEC947d+PEha7PCqhm//9oxaLYL7TWRekwhoXl2s6fg==",
      "engines": {
        "node": ">=16.0.0",
        "npm": ">=7.0.0"
      }
    },
    "node_modules/ms": {
      "version": "2.1.2",
      "resolved": "https://registry.npmjs.org/ms/-/ms-2.1.2.tgz",
      "integrity": "sha512-sGkPx+VjMtmA6MX27oA4FBFELFCZZ4S4XqeGOXCv68tT+jb3vk/RyaKWP0PTKyWtmLSM0b+adUTEvbs1PEaH2w=="
    },
    "node_modules/multiformats": {
      "version": "12.1.3",
      "resolved": "https://registry.npmjs.org/multiformats/-/multiformats-12.1.3.tgz",
      "integrity": "sha512-eajQ/ZH7qXZQR2AgtfpmSMizQzmyYVmCql7pdhldPuYQi4atACekbJaQplk6dWyIi10jCaFnd6pqvcEFXjbaJw==",
      "engines": {
        "node": ">=16.0.0",
        "npm": ">=7.0.0"
      }
    },
    "node_modules/nanoid": {
      "version": "4.0.2",
      "resolved": "https://registry.npmjs.org/nanoid/-/nanoid-4.0.2.tgz",
      "integrity": "sha512-7ZtY5KTCNheRGfEFxnedV5zFiORN1+Y1N6zvPTnHQd8ENUvfaDBeuJDZb2bN/oXwXxu3qkTXDzy57W5vAmDTBw==",
      "funding": [
        {
          "type": "github",
          "url": "https://github.com/sponsors/ai"
        }
      ],
      "bin": {
        "nanoid": "bin/nanoid.js"
      },
      "engines": {
        "node": "^14 || ^16 || >=18"
      }
    },
    "node_modules/netmask": {
      "version": "2.0.2",
      "resolved": "https://registry.npmjs.org/netmask/-/netmask-2.0.2.tgz",
      "integrity": "sha512-dBpDMdxv9Irdq66304OLfEmQ9tbNRFnFTuZiLo+bD+r332bBmMJ8GBLXklIXXgxd3+v9+KUnZaUR5PJMa75Gsg==",
      "engines": {
        "node": ">= 0.4.0"
      }
    },
    "node_modules/p-defer": {
      "version": "4.0.0",
      "resolved": "https://registry.npmjs.org/p-defer/-/p-defer-4.0.0.tgz",
      "integrity": "sha512-Vb3QRvQ0Y5XnF40ZUWW7JfLogicVh/EnA5gBIvKDJoYpeI82+1E3AlB9yOcKFS0AhHrWVnAQO39fbR0G99IVEQ==",
      "engines": {
        "node": ">=12"
      },
      "funding": {
        "url": "https://github.com/sponsors/sindresorhus"
      }
    },
    "node_modules/private-ip": {
      "version": "3.0.1",
      "resolved": "https://registry.npmjs.org/private-ip/-/private-ip-3.0.1.tgz",
      "integrity": "sha512-Ezc16ANuhSHmWAE6lbXUKburNzGpR0J5X0Zh5Um/PZ/s57Fp+HYqYe6BYPH2QbqKr/5WebfzJQ1jq6Kj5dbRmA==",
      "dependencies": {
        "@chainsafe/is-ip": "^2.0.1",
        "ip-regex": "^5.0.0",
        "ipaddr.js": "^2.1.0",
        "netmask": "^2.0.2"
      },
      "engines": {
        "node": ">=14.16"
      }
    },
    "node_modules/race-signal": {
      "version": "1.0.2",
      "resolved": "https://registry.npmjs.org/race-signal/-/race-signal-1.0.2.tgz",
      "integrity": "sha512-o3xNv0iTcIDQCXFlF6fPAMEBRjFxssgGoRqLbg06m+AdzEXXLUmoNOoUHTVz2NoBI8hHwKFKoC6IqyNtWr2bww=="
    },
    "node_modules/readline-sync": {
      "version": "1.4.10",
      "resolved": "https://registry.npmjs.org/readline-sync/-/readline-sync-1.4.10.tgz",
      "integrity": "sha512-gNva8/6UAe8QYepIQH/jQ2qn91Qj0B9sYjMBBs3QOB8F2CXcKgLxQaJRP76sWVRQt+QU+8fAkCbCvjjMFu7Ycw==",
      "engines": {
        "node": ">= 0.8.0"
      }
    },
    "node_modules/receptacle": {
      "version": "1.3.2",
      "resolved": "https://registry.npmjs.org/receptacle/-/receptacle-1.3.2.tgz",
      "integrity": "sha512-HrsFvqZZheusncQRiEE7GatOAETrARKV/lnfYicIm8lbvp/JQOdADOfhjBd2DajvoszEyxSM6RlAAIZgEoeu/A==",
      "dependencies": {
        "ms": "^2.1.1"
      }
    },
    "node_modules/stream-to-it": {
      "version": "0.2.4",
      "resolved": "https://registry.npmjs.org/stream-to-it/-/stream-to-it-0.2.4.tgz",
      "integrity": "sha512-4vEbkSs83OahpmBybNJXlJd7d6/RxzkkSdT3I0mnGt79Xd2Kk+e1JqbvAvsQfCeKj3aKb0QIWkyK3/n0j506vQ==",
      "dependencies": {
        "get-iterator": "^1.0.2"
      }
    },
    "node_modules/stream-to-it/node_modules/get-iterator": {
      "version": "1.0.2",
      "resolved": "https://registry.npmjs.org/get-iterator/-/get-iterator-1.0.2.tgz",
      "integrity": "sha512-v+dm9bNVfOYsY1OrhaCrmyOcYoSeVvbt+hHZ0Au+T+p1y+0Uyj9aMaGIeUTT6xdpRbWzDeYKvfOslPhggQMcsg=="
    },
    "node_modules/uint8-varint": {
      "version": "2.0.2",
      "resolved": "https://registry.npmjs.org/uint8-varint/-/uint8-varint-2.0.2.tgz",
      "integrity": "sha512-LZXmBT0jiHR7J4oKM1GUhtdLFW1yPauzI8NjJlotXn92TprO9u8VMvEVR4QMk8xhUVUd+2fqfU2/kGbVHYSSWw==",
      "dependencies": {
        "uint8arraylist": "^2.0.0",
        "uint8arrays": "^4.0.2"
      }
    },
    "node_modules/uint8arraylist": {
      "version": "2.4.7",
      "resolved": "https://registry.npmjs.org/uint8arraylist/-/uint8arraylist-2.4.7.tgz",
      "integrity": "sha512-ohRElqR6C5dd60vRFLq40MCiSnUe1AzkpHvbCEMCGGP6zMoFYECsjdhL6bR1kTK37ONNRDuHQ3RIpScRYcYYIg==",
      "dependencies": {
        "uint8arrays": "^4.0.2"
      }
    },
    "node_modules/uint8arrays": {
      "version": "4.0.9",
      "resolved": "https://registry.npmjs.org/uint8arrays/-/uint8arrays-4.0.9.tgz",
      "integrity": "sha512-iHU8XJJnfeijILZWzV7RgILdPHqe0mjJvyzY4mO8aUUtHsDbPa2Gc8/02Kc4zeokp2W6Qq8z9Ap1xkQ1HfbKwg==",
      "dependencies": {
        "multiformats": "^12.0.1"
      }
    }
  }
}
